
Microsoft Visual Studio Solution File, Format Version 12.00
# Visual Studio 2012
Project("{E24C65DC-7377-472B-9ABA-BC803B73C61A}") = "WEBCIS407A_W3_iLab_Test_Working", ".", "{5754594A-2434-4733-9356-1DD5DBE89A10}"
	ProjectSection(WebsiteProperties) = preProject
		TargetFrameworkMoniker = ".NETFramework,Version%3Dv3.5"
		Debug.AspNetCompiler.VirtualPath = "/CIS407A_W3_iLab"
		Debug.AspNetCompiler.PhysicalPath = "..\WEBCIS407A_W3_iLab_Test_Working\"
		Debug.AspNetCompiler.TargetPath = "PrecompiledWeb\CIS407A_W3_iLab\"
		Debug.AspNetCompiler.Updateable = "true"
		Debug.AspNetCompiler.ForceOverwrite = "true"
		Debug.AspNetCompiler.FixedNames = "false"
		Debug.AspNetCompiler.Debug = "True"
		Release.AspNetCompiler.VirtualPath = "/CIS407A_W3_iLab"
		Release.AspNetCompiler.PhysicalPath = "..\WEBCIS407A_W3_iLab_Test_Working\"
		Release.AspNetCompiler.TargetPath = "PrecompiledWeb\CIS407A_W3_iLab\"
		Release.AspNetCompiler.Updateable = "true"
		Release.AspNetCompiler.ForceOverwrite = "true"
		Release.AspNetCompiler.FixedNames = "false"
		Release.AspNetCompiler.Debug = "False"
		VWDPort = "1305"
	EndProjectSection
EndProject
Global
	GlobalSection(SolutionConfigurationPlatforms) = preSolution
		Debug|Any CPU = Debug|Any CPU
	EndGlobalSection
	GlobalSection(ProjectConfigurationPlatforms) = postSolution
		{5754594A-2434-4733-9356-1DD5DBE89A10}.Debug|Any CPU.ActiveCfg = Debug|Any CPU
		{5754594A-2434-4733-9356-1DD5DBE89A10}.Debug|Any CPU.Build.0 = Debug|Any CPU
	EndGlobalSection
	GlobalSection(SolutionProperties) = preSolution
		HideSolutionNode = FALSE
	EndGlobalSection
EndGlobal
